
Microsoft Visual Studio Solution File, Format Version 12.00
# Visual Studio Version 17
VisualStudioVersion = 17.11.35222.181
MinimumVisualStudioVersion = 10.0.40219.1
Project("{8BC9CEB8-8B4A-11D0-8D11-00A0C91BC942}") = "5", "5\5.vcxproj", "{5B6DCE7D-7F63-44F7-8E6B-C8AFAA481FB8}"
EndProject
Global
	GlobalSection(SolutionConfigurationPlatforms) = preSolution
		Debug|x64 = Debug|x64
		Debug|x86 = Debug|x86
		Release|x64 = Release|x64
		Release|x86 = Release|x86
	EndGlobalSection
	GlobalSection(ProjectConfigurationPlatforms) = postSolution
		{5B6DCE7D-7F63-44F7-8E6B-C8AFAA481FB8}.Debug|x64.ActiveCfg = Debug|x64
		{5B6DCE7D-7F63-44F7-8E6B-C8AFAA481FB8}.Debug|x64.Build.0 = Debug|x64
		{5B6DCE7D-7F63-44F7-8E6B-C8AFAA481FB8}.Debug|x86.ActiveCfg = Debug|Win32
		{5B6DCE7D-7F63-44F7-8E6B-C8AFAA481FB8}.Debug|x86.Build.0 = Debug|Win32
		{5B6DCE7D-7F63-44F7-8E6B-C8AFAA481FB8}.Release|x64.ActiveCfg = Release|x64
		{5B6DCE7D-7F63-44F7-8E6B-C8AFAA481FB8}.Release|x64.Build.0 = Release|x64
		{5B6DCE7D-7F63-44F7-8E6B-C8AFAA481FB8}.Release|x86.ActiveCfg = Release|Win32
		{5B6DCE7D-7F63-44F7-8E6B-C8AFAA481FB8}.Release|x86.Build.0 = Release|Win32
	EndGlobalSection
	GlobalSection(SolutionProperties) = preSolution
		HideSolutionNode = FALSE
	EndGlobalSection
	GlobalSection(ExtensibilityGlobals) = postSolution
		SolutionGuid = {ED8B5F63-CE1F-4FB9-9034-939CF2F55CEC}
	EndGlobalSection
EndGlobal
